{
  "requires": true,
  "lockfileVersion": 1,
  "dependencies": {
    "@types/webmidi": {
      "version": "2.0.6",
      "resolved": "https://registry.npmjs.org/@types/webmidi/-/webmidi-2.0.6.tgz",
      "integrity": "sha512-sfS0A5IryqmBrUpcGPipEPeFdpqmZzP6b6lZFxHKgz5n2Vhzh4yJ5P2TvoDUhDjqJyv0Y25ng0Qodgo2Vu08ug=="
    },
    "jazz-midi": {
      "version": "1.7.6",
      "resolved": "https://registry.npmjs.org/jazz-midi/-/jazz-midi-1.7.6.tgz",
      "integrity": "sha512-vKCmBpotb1y+kEbRlu43COar2LzV46uOTTzyM/zTx5LR7WUTWle7FFC8rphqBVdryW66QtOyUA2N/DWZToBang=="
    },
    "jzz": {
      "version": "1.5.2",
      "resolved": "https://registry.npmjs.org/jzz/-/jzz-1.5.2.tgz",
      "integrity": "sha512-58V274YyqaFavqI0FXcx2JCO4X8bSPuvwxlF8t2i+xlaWXSSenhExNzRkn/ubixdc0JNfsLV3+UX/baMw539ww==",
      "requires": {
        "@types/webmidi": "^2.0.6",
        "jazz-midi": "^1.7.6"
      }
    },
    "jzz-midi-smf": {
      "version": "1.6.9",
      "resolved": "https://registry.npmjs.org/jzz-midi-smf/-/jzz-midi-smf-1.6.9.tgz",
      "integrity": "sha512-vZRA3TqZenaHSlYNhY1eXEuVNrNoL7lbLwe3Cu1PpcSu/Bpbu7n4hQZk2HdbDzeeTApiTDgmYvhykkegfZV4Ew==",
      "requires": {
        "jzz": "^1.5.1"
      }
    }
  }
}
