{
  "name": "demo",
  "version": "1.0.0",
  "lockfileVersion": 1,
  "requires": true,
  "dependencies": {
    "@types/webmidi": {
      "version": "2.0.6",
      "resolved": "https://registry.npmjs.org/@types/webmidi/-/webmidi-2.0.6.tgz",
      "integrity": "sha512-sfS0A5IryqmBrUpcGPipEPeFdpqmZzP6b6lZFxHKgz5n2Vhzh4yJ5P2TvoDUhDjqJyv0Y25ng0Qodgo2Vu08ug=="
    },
    "jazz-midi": {
      "version": "1.7.5",
      "resolved": "https://registry.npmjs.org/jazz-midi/-/jazz-midi-1.7.5.tgz",
      "integrity": "sha512-RUxChhn388CZfSymwwgucfaBxGu4Z0eeJOSTnUMsDN2tMx5E8G+o7h2gk/xPaDTfOORnQsJk71VhSuqiw1Hy9Q=="
    },
    "jzz": {
      "version": "1.4.9",
      "resolved": "https://registry.npmjs.org/jzz/-/jzz-1.4.9.tgz",
      "integrity": "sha512-agXk2i6yxl1rL2zIl+KtcPjgWobSOg8i16gFGfYmFWH/mi7LG4Of6ov7KBpPtFC5pxCiWFvW8O2ENyI46TJy0g==",
      "requires": {
        "@types/webmidi": "^2.0.6",
        "jazz-midi": "^1.7.5"
      }
    },
    "jzz-midi-smf": {
      "version": "1.6.7",
      "resolved": "https://registry.npmjs.org/jzz-midi-smf/-/jzz-midi-smf-1.6.7.tgz",
      "integrity": "sha512-L0S/grcY8jugofSOTa4vtW7LU1rgvlgoC8fd2Vgm8odTiTKegk4/igUThtHq36mMMe/Wsh+nxM4ru/FbqMRDjw==",
      "requires": {
        "jzz": "^1.4.7"
      }
    }
  }
}
