
Microsoft Visual Studio Solution File, Format Version 12.00
# Visual Studio Version 16
VisualStudioVersion = 16.0.28922.388
MinimumVisualStudioVersion = 10.0.40219.1
Project("{8BC9CEB8-8B4A-11D0-8D11-00A0C91BC942}") = "WinDesktopApp", "WinDesktopApp\WinDesktopApp.vcxproj", "{A7AEEE05-7298-441A-8697-0CE525CDE434}"
EndProject
Global
	GlobalSection(SolutionConfigurationPlatforms) = preSolution
		Debug|x64 = Debug|x64
		Debug|x86 = Debug|x86
		Release|x64 = Release|x64
		Release|x86 = Release|x86
	EndGlobalSection
	GlobalSection(ProjectConfigurationPlatforms) = postSolution
		{A7AEEE05-7298-441A-8697-0CE525CDE434}.Debug|x64.ActiveCfg = Debug|x64
		{A7AEEE05-7298-441A-8697-0CE525CDE434}.Debug|x64.Build.0 = Debug|x64
		{A7AEEE05-7298-441A-8697-0CE525CDE434}.Debug|x86.ActiveCfg = Debug|Win32
		{A7AEEE05-7298-441A-8697-0CE525CDE434}.Debug|x86.Build.0 = Debug|Win32
		{A7AEEE05-7298-441A-8697-0CE525CDE434}.Release|x64.ActiveCfg = Release|x64
		{A7AEEE05-7298-441A-8697-0CE525CDE434}.Release|x64.Build.0 = Release|x64
		{A7AEEE05-7298-441A-8697-0CE525CDE434}.Release|x86.ActiveCfg = Release|Win32
		{A7AEEE05-7298-441A-8697-0CE525CDE434}.Release|x86.Build.0 = Release|Win32
	EndGlobalSection
	GlobalSection(SolutionProperties) = preSolution
		HideSolutionNode = FALSE
	EndGlobalSection
	GlobalSection(ExtensibilityGlobals) = postSolution
		SolutionGuid = {84D370AA-C244-4728-B634-8791512C611A}
	EndGlobalSection
EndGlobal
